
Microsoft Visual Studio Solution File, Format Version 12.00
# Visual Studio Version 16
VisualStudioVersion = 16.0.32630.194
MinimumVisualStudioVersion = 10.0.40219.1
Project("{9A19103F-16F7-4668-BE54-9A1E7A4F7556}") = "Cloudburst", "Cloudburst\Cloudburst.csproj", "{028ABF8E-E75C-4803-B63F-2933FE22CBD3}"
EndProject
Global
	GlobalSection(SolutionConfigurationPlatforms) = preSolution
		Debug|Any CPU = Debug|Any CPU
		Release|Any CPU = Release|Any CPU
	EndGlobalSection
	GlobalSection(ProjectConfigurationPlatforms) = postSolution
		{028ABF8E-E75C-4803-B63F-2933FE22CBD3}.Debug|Any CPU.ActiveCfg = Debug|Any CPU
		{028ABF8E-E75C-4803-B63F-2933FE22CBD3}.Debug|Any CPU.Build.0 = Debug|Any CPU
		{028ABF8E-E75C-4803-B63F-2933FE22CBD3}.Release|Any CPU.ActiveCfg = Release|Any CPU
		{028ABF8E-E75C-4803-B63F-2933FE22CBD3}.Release|Any CPU.Build.0 = Release|Any CPU
	EndGlobalSection
	GlobalSection(SolutionProperties) = preSolution
		HideSolutionNode = FALSE
	EndGlobalSection
	GlobalSection(ExtensibilityGlobals) = postSolution
		SolutionGuid = {30B60BFB-4394-42F1-9D75-225E5BE53140}
	EndGlobalSection
EndGlobal
